
Microsoft Visual Studio Solution File, Format Version 12.00
# Visual Studio Version 17
VisualStudioVersion = 17.4.33213.308
MinimumVisualStudioVersion = 10.0.40219.1
Project("{FAE04EC0-301F-11D3-BF4B-00C04F79EFBC}") = "ThreadTest", "ThreadTest.csproj", "{C1DDCB22-C3F0-4DFA-A40E-F8755DF7D2A1}"
EndProject
Global
	GlobalSection(SolutionConfigurationPlatforms) = preSolution
		Debug|Any CPU = Debug|Any CPU
		Release|Any CPU = Release|Any CPU
	EndGlobalSection
	GlobalSection(ProjectConfigurationPlatforms) = postSolution
		{C1DDCB22-C3F0-4DFA-A40E-F8755DF7D2A1}.Debug|Any CPU.ActiveCfg = Debug|Any CPU
		{C1DDCB22-C3F0-4DFA-A40E-F8755DF7D2A1}.Debug|Any CPU.Build.0 = Debug|Any CPU
		{C1DDCB22-C3F0-4DFA-A40E-F8755DF7D2A1}.Release|Any CPU.ActiveCfg = Release|Any CPU
		{C1DDCB22-C3F0-4DFA-A40E-F8755DF7D2A1}.Release|Any CPU.Build.0 = Release|Any CPU
	EndGlobalSection
	GlobalSection(SolutionProperties) = preSolution
		HideSolutionNode = FALSE
	EndGlobalSection
	GlobalSection(ExtensibilityGlobals) = postSolution
		SolutionGuid = {B6B25ECD-6B04-4B09-9B86-3EF5647957C1}
	EndGlobalSection
EndGlobal
